// !$*UTF8*$!
{
	archiveVersion = 1;
	classes = {
	};
	objectVersion = 55;
	objects = {

/* Begin PBXBuildFile section */
		435AEDF6274DD87C0010AB5E /* AppDelegate.swift in Sources */ = {isa = PBXBuildFile; fileRef = 435AEDF5274DD87C0010AB5E /* AppDelegate.swift */; };
		435AEDF8274DD87C0010AB5E /* SceneDelegate.swift in Sources */ = {isa = PBXBuildFile; fileRef = 435AEDF7274DD87C0010AB5E /* SceneDelegate.swift */; };
		435AEDFA274DD87C0010AB5E /* ViewController.swift in Sources */ = {isa = PBXBuildFile; fileRef = 435AEDF9274DD87C0010AB5E /* ViewController.swift */; };
		435AEDFD274DD87C0010AB5E /* Main.storyboard in Resources */ = {isa = PBXBuildFile; fileRef = 435AEDFB274DD87C0010AB5E /* Main.storyboard */; };
		435AEDFF274DD87E0010AB5E /* Assets.xcassets in Resources */ = {isa = PBXBuildFile; fileRef = 435AEDFE274DD87E0010AB5E /* Assets.xcassets */; };
		435AEE02274DD87E0010AB5E /* LaunchScreen.storyboard in Resources */ = {isa = PBXBuildFile; fileRef = 435AEE00274DD87E0010AB5E /* LaunchScreen.storyboard */; };
		435AEE0B274DDA000010AB5E /* UILabel+AddEvent.swift in Sources */ = {isa = PBXBuildFile; fileRef = 435AEE0A274DDA000010AB5E /* UILabel+AddEvent.swift */; };
		435AEE0E274DEDD60010AB5E /* SnapKit in Frameworks */ = {isa = PBXBuildFile; productRef = 435AEE0D274DEDD60010AB5E /* SnapKit */; };
/* End PBXBuildFile section */

/* Begin PBXFileReference section */
		435AEDF2274DD87C0010AB5E /* UILabelAddEventExample.app */ = {isa = PBXFileReference; explicitFileType = wrapper.application; includeInIndex = 0; path = UILabelAddEventExample.app; sourceTree = BUILT_PRODUCTS_DIR; };
		435AEDF5274DD87C0010AB5E /* AppDelegate.swift */ = {isa = PBXFileReference; lastKnownFileType = sourcecode.swift; path = AppDelegate.swift; sourceTree = "<group>"; };
		435AEDF7274DD87C0010AB5E /* SceneDelegate.swift */ = {isa = PBXFileReference; lastKnownFileType = sourcecode.swift; path = SceneDelegate.swift; sourceTree = "<group>"; };
		435AEDF9274DD87C0010AB5E /* ViewController.swift */ = {isa = PBXFileReference; lastKnownFileType = sourcecode.swift; path = ViewController.swift; sourceTree = "<group>"; };
		435AEDFC274DD87C0010AB5E /* Base */ = {isa = PBXFileReference; lastKnownFileType = file.storyboard; name = Base; path = Base.lproj/Main.storyboard; sourceTree = "<group>"; };
		435AEDFE274DD87E0010AB5E /* Assets.xcassets */ = {isa = PBXFileReference; lastKnownFileType = folder.assetcatalog; path = Assets.xcassets; sourceTree = "<group>"; };
		435AEE01274DD87E0010AB5E /* Base */ = {isa = PBXFileReference; lastKnownFileType = file.storyboard; name = Base; path = Base.lproj/LaunchScreen.storyboard; sourceTree = "<group>"; };
		435AEE03274DD87E0010AB5E /* Info.plist */ = {isa = PBXFileReference; lastKnownFileType = text.plist.xml; path = Info.plist; sourceTree = "<group>"; };
		435AEE0A274DDA000010AB5E /* UILabel+AddEvent.swift */ = {isa = PBXFileReference; lastKnownFileType = sourcecode.swift; path = "UILabel+AddEvent.swift"; sourceTree = "<group>"; };
/* End PBXFileReference section */

/* Begin PBXFrameworksBuildPhase section */
		435AEDEF274DD87C0010AB5E /* Frameworks */ = {
			isa = PBXFrameworksBuildPhase;
			buildActionMask = 2147483647;
			files = (
				435AEE0E274DEDD60010AB5E /* SnapKit in Frameworks */,
			);
			runOnlyForDeploymentPostprocessing = 0;
		};
/* End PBXFrameworksBuildPhase section */

/* Begin PBXGroup section */
		435AEDE9274DD87C0010AB5E = {
			isa = PBXGroup;
			children = (
				435AEDF4274DD87C0010AB5E /* UILabelAddEventExample */,
				435AEDF3274DD87C0010AB5E /* Products */,
			);
			sourceTree = "<group>";
		};
		435AEDF3274DD87C0010AB5E /* Products */ = {
			isa = PBXGroup;
			children = (
				435AEDF2274DD87C0010AB5E /* UILabelAddEventExample.app */,
			);
			name = Products;
			sourceTree = "<group>";
		};
		435AEDF4274DD87C0010AB5E /* UILabelAddEventExample */ = {
			isa = PBXGroup;
			children = (
				435AEDF5274DD87C0010AB5E /* AppDelegate.swift */,
				435AEDF7274DD87C0010AB5E /* SceneDelegate.swift */,
				435AEDF9274DD87C0010AB5E /* ViewController.swift */,
				435AEE09274DD9E10010AB5E /* UILabelAddEvent */,
				435AEDFB274DD87C0010AB5E /* Main.storyboard */,
				435AEDFE274DD87E0010AB5E /* Assets.xcassets */,
				435AEE00274DD87E0010AB5E /* LaunchScreen.storyboard */,
				435AEE03274DD87E0010AB5E /* Info.plist */,
			);
			path = UILabelAddEventExample;
			sourceTree = "<group>";
		};
		435AEE09274DD9E10010AB5E /* UILabelAddEvent */ = {
			isa = PBXGroup;
			children = (
				435AEE0A274DDA000010AB5E /* UILabel+AddEvent.swift */,
			);
			path = UILabelAddEvent;
			sourceTree = "<group>";
		};
/* End PBXGroup section */

/* Begin PBXNativeTarget section */
		435AEDF1274DD87C0010AB5E /* UILabelAddEventExample */ = {
			isa = PBXNativeTarget;
			buildConfigurationList = 435AEE06274DD87E0010AB5E /* Build configuration list for PBXNativeTarget "UILabelAddEventExample" */;
			buildPhases = (
				435AEDEE274DD87C0010AB5E /* Sources */,
				435AEDEF274DD87C0010AB5E /* Frameworks */,
				435AEDF0274DD87C0010AB5E /* Resources */,
			);
			buildRules = (
			);
			dependencies = (
			);
			name = UILabelAddEventExample;
			packageProductDependencies = (
				435AEE0D274DEDD60010AB5E /* SnapKit */,
			);
			productName = UILabelAddEventExample;
			productReference = 435AEDF2274DD87C0010AB5E /* UILabelAddEventExample.app */;
			productType = "com.apple.product-type.application";
		};
/* End PBXNativeTarget section */

/* Begin PBXProject section */
		435AEDEA274DD87C0010AB5E /* Project object */ = {
			isa = PBXProject;
			attributes = {
				BuildIndependentTargetsInParallel = 1;
				LastSwiftUpdateCheck = 1310;
				LastUpgradeCheck = 1310;
				TargetAttributes = {
					435AEDF1274DD87C0010AB5E = {
						CreatedOnToolsVersion = 13.1;
					};
				};
			};
			buildConfigurationList = 435AEDED274DD87C0010AB5E /* Build configuration list for PBXProject "UILabelAddEventExample" */;
			compatibilityVersion = "Xcode 13.0";
			developmentRegion = en;
			hasScannedForEncodings = 0;
			knownRegions = (
				en,
				Base,
			);
			mainGroup = 435AEDE9274DD87C0010AB5E;
			packageReferences = (
				435AEE0C274DEDD60010AB5E /* XCRemoteSwiftPackageReference "SnapKit" */,
			);
			productRefGroup = 435AEDF3274DD87C0010AB5E /* Products */;
			projectDirPath = "";
			projectRoot = "";
			targets = (
				435AEDF1274DD87C0010AB5E /* UILabelAddEventExample */,
			);
		};
/* End PBXProject section */

/* Begin PBXResourcesBuildPhase section */
		435AEDF0274DD87C0010AB5E /* Resources */ = {
			isa = PBXResourcesBuildPhase;
			buildActionMask = 2147483647;
			files = (
				435AEE02274DD87E0010AB5E /* LaunchScreen.storyboard in Resources */,
				435AEDFF274DD87E0010AB5E /* Assets.xcassets in Resources */,
				435AEDFD274DD87C0010AB5E /* Main.storyboard in Resources */,
			);
			runOnlyForDeploymentPostprocessing = 0;
		};
/* End PBXResourcesBuildPhase section */

/* Begin PBXSourcesBuildPhase section */
		435AEDEE274DD87C0010AB5E /* Sources */ = {
			isa = PBXSourcesBuildPhase;
			buildActionMask = 2147483647;
			files = (
				435AEDFA274DD87C0010AB5E /* ViewController.swift in Sources */,
				435AEE0B274DDA000010AB5E /* UILabel+AddEvent.swift in Sources */,
				435AEDF6274DD87C0010AB5E /* AppDelegate.swift in Sources */,
				435AEDF8274DD87C0010AB5E /* SceneDelegate.swift in Sources */,
			);
			runOnlyForDeploymentPostprocessing = 0;
		};
/* End PBXSourcesBuildPhase section */

/* Begin PBXVariantGroup section */
		435AEDFB274DD87C0010AB5E /* Main.storyboard */ = {
			isa = PBXVariantGroup;
			children = (
				435AEDFC274DD87C0010AB5E /* Base */,
			);
			name = Main.storyboard;
			sourceTree = "<group>";
		};
		435AEE00274DD87E0010AB5E /* LaunchScreen.storyboard */ = {
			isa = PBXVariantGroup;
			children = (
				435AEE01274DD87E0010AB5E /* Base */,
			);
			name = LaunchScreen.storyboard;
			sourceTree = "<group>";
		};
/* End PBXVariantGroup section */

/* Begin XCBuildConfiguration section */
		435AEE04274DD87E0010AB5E /* Debug */ = {
			isa = XCBuildConfiguration;
			buildSettings = {
				ALWAYS_SEARCH_USER_PATHS = NO;
				CLANG_ANALYZER_NONNULL = YES;
				CLANG_ANALYZER_NUMBER_OBJECT_CONVERSION = YES_AGGRESSIVE;
				CLANG_CXX_LANGUAGE_STANDARD = "gnu++17";
				CLANG_CXX_LIBRARY = "libc++";
				CLANG_ENABLE_MODULES = YES;
				CLANG_ENABLE_OBJC_ARC = YES;
				CLANG_ENABLE_OBJC_WEAK = YES;
				CLANG_WARN_BLOCK_CAPTURE_AUTORELEASING = YES;
				CLANG_WARN_BOOL_CONVERSION = YES;
				CLANG_WARN_COMMA = YES;
				CLANG_WARN_CONSTANT_CONVERSION = YES;
				CLANG_WARN_DEPRECATED_OBJC_IMPLEMENTATIONS = YES;
				CLANG_WARN_DIRECT_OBJC_ISA_USAGE = YES_ERROR;
				CLANG_WARN_DOCUMENTATION_COMMENTS = YES;
				CLANG_WARN_EMPTY_BODY = YES;
				CLANG_WARN_ENUM_CONVERSION = YES;
				CLANG_WARN_INFINITE_RECURSION = YES;
				CLANG_WARN_INT_CONVERSION = YES;
				CLANG_WARN_NON_LITERAL_NULL_CONVERSION = YES;
				CLANG_WARN_OBJC_IMPLICIT_RETAIN_SELF = YES;
				CLANG_WARN_OBJC_LITERAL_CONVERSION = YES;
				CLANG_WARN_OBJC_ROOT_CLASS = YES_ERROR;
				CLANG_WARN_QUOTED_INCLUDE_IN_FRAMEWORK_HEADER = YES;
				CLANG_WARN_RANGE_LOOP_ANALYSIS = YES;
				CLANG_WARN_STRICT_PROTOTYPES = YES;
				CLANG_WARN_SUSPICIOUS_MOVE = YES;
				CLANG_WARN_UNGUARDED_AVAILABILITY = YES_AGGRESSIVE;
				CLANG_WARN_UNREACHABLE_CODE = YES;
				CLANG_WARN__DUPLICATE_METHOD_MATCH = YES;
				COPY_PHASE_STRIP = NO;
				DEBUG_INFORMATION_FORMAT = dwarf;
				ENABLE_STRICT_OBJC_MSGSEND = YES;
				ENABLE_TESTABILITY = YES;
				GCC_C_LANGUAGE_STANDARD = gnu11;
				GCC_DYNAMIC_NO_PIC = NO;
				GCC_NO_COMMON_BLOCKS = YES;
				GCC_OPTIMIZATION_LEVEL = 0;
				GCC_PREPROCESSOR_DEFINITIONS = (
					"DEBUG=1",
					"$(inherited)",
				);
				GCC_WARN_64_TO_32_BIT_CONVERSION = YES;
				GCC_WARN_ABOUT_RETURN_TYPE = YES_ERROR;
				GCC_WARN_UNDECLARED_SELECTOR = YES;
				GCC_WARN_UNINITIALIZED_AUTOS = YES_AGGRESSIVE;
				GCC_WARN_UNUSED_FUNCTION = YES;
				GCC_WARN_UNUSED_VARIABLE = YES;
				IPHONEOS_DEPLOYMENT_TARGET = 15.0;
				MTL_ENABLE_DEBUG_INFO = INCLUDE_SOURCE;
				MTL_FAST_MATH = YES;
				ONLY_ACTIVE_ARCH = YES;
				SDKROOT = iphoneos;
				SWIFT_ACTIVE_COMPILATION_CONDITIONS = DEBUG;
				SWIFT_OPTIMIZATION_LEVEL = "-Onone";
			};
			name = Debug;
		};
		435AEE05274DD87E0010AB5E /* Release */ = {
			isa = XCBuildConfiguration;
			buildSettings = {
				ALWAYS_SEARCH_USER_PATHS = NO;
				CLANG_ANALYZER_NONNULL = YES;
				CLANG_ANALYZER_NUMBER_OBJECT_CONVERSION = YES_AGGRESSIVE;
				CLANG_CXX_LANGUAGE_STANDARD = "gnu++17";
				CLANG_CXX_LIBRARY = "libc++";
				CLANG_ENABLE_MODULES = YES;
				CLANG_ENABLE_OBJC_ARC = YES;
				CLANG_ENABLE_OBJC_WEAK = YES;
				CLANG_WARN_BLOCK_CAPTURE_AUTORELEASING = YES;
				CLANG_WARN_BOOL_CONVERSION = YES;
				CLANG_WARN_COMMA = YES;
				CLANG_WARN_CONSTANT_CONVERSION = YES;
				CLANG_WARN_DEPRECATED_OBJC_IMPLEMENTATIONS = YES;
				CLANG_WARN_DIRECT_OBJC_ISA_USAGE = YES_ERROR;
				CLANG_WARN_DOCUMENTATION_COMMENTS = YES;
				CLANG_WARN_EMPTY_BODY = YES;
				CLANG_WARN_ENUM_CONVERSION = YES;
				CLANG_WARN_INFINITE_RECURSION = YES;
				CLANG_WARN_INT_CONVERSION = YES;
				CLANG_WARN_NON_LITERAL_NULL_CONVERSION = YES;
				CLANG_WARN_OBJC_IMPLICIT_RETAIN_SELF = YES;
				CLANG_WARN_OBJC_LITERAL_CONVERSION = YES;
				CLANG_WARN_OBJC_ROOT_CLASS = YES_ERROR;
				CLANG_WARN_QUOTED_INCLUDE_IN_FRAMEWORK_HEADER = YES;
				CLANG_WARN_RANGE_LOOP_ANALYSIS = YES;
				CLANG_WARN_STRICT_PROTOTYPES = YES;
				CLANG_WARN_SUSPICIOUS_MOVE = YES;
				CLANG_WARN_UNGUARDED_AVAILABILITY = YES_AGGRESSIVE;
				CLANG_WARN_UNREACHABLE_CODE = YES;
				CLANG_WARN__DUPLICATE_METHOD_MATCH = YES;
				COPY_PHASE_STRIP = NO;
				DEBUG_INFORMATION_FORMAT = "dwarf-with-dsym";
				ENABLE_NS_ASSERTIONS = NO;
				ENABLE_STRICT_OBJC_MSGSEND = YES;
				GCC_C_LANGUAGE_STANDARD = gnu11;
				GCC_NO_COMMON_BLOCKS = YES;
				GCC_WARN_64_TO_32_BIT_CONVERSION = YES;
				GCC_WARN_ABOUT_RETURN_TYPE = YES_ERROR;
				GCC_WARN_UNDECLARED_SELECTOR = YES;
				GCC_WARN_UNINITIALIZED_AUTOS = YES_AGGRESSIVE;
				GCC_WARN_UNUSED_FUNCTION = YES;
				GCC_WARN_UNUSED_VARIABLE = YES;
				IPHONEOS_DEPLOYMENT_TARGET = 15.0;
				MTL_ENABLE_DEBUG_INFO = NO;
				MTL_FAST_MATH = YES;
				SDKROOT = iphoneos;
				SWIFT_COMPILATION_MODE = wholemodule;
				SWIFT_OPTIMIZATION_LEVEL = "-O";
				VALIDATE_PRODUCT = YES;
			};
			name = Release;
		};
		435AEE07274DD87E0010AB5E /* Debug */ = {
			isa = XCBuildConfiguration;
			buildSettings = {
				ASSETCATALOG_COMPILER_APPICON_NAME = AppIcon;
				ASSETCATALOG_COMPILER_GLOBAL_ACCENT_COLOR_NAME = AccentColor;
				CODE_SIGN_STYLE = Automatic;
				CURRENT_PROJECT_VERSION = 1;
				GENERATE_INFOPLIST_FILE = YES;
				INFOPLIST_FILE = UILabelAddEventExample/Info.plist;
				INFOPLIST_KEY_UIApplicationSupportsIndirectInputEvents = YES;
				INFOPLIST_KEY_UILaunchStoryboardName = LaunchScreen;
				INFOPLIST_KEY_UIMainStoryboardFile = Main;
				INFOPLIST_KEY_UISupportedInterfaceOrientations_iPad = "UIInterfaceOrientationPortrait UIInterfaceOrientationPortraitUpsideDown UIInterfaceOrientationLandscapeLeft UIInterfaceOrientationLandscapeRight";
				INFOPLIST_KEY_UISupportedInterfaceOrientations_iPhone = "UIInterfaceOrientationPortrait UIInterfaceOrientationLandscapeLeft UIInterfaceOrientationLandscapeRight";
				LD_RUNPATH_SEARCH_PATHS = (
					"$(inherited)",
					"@executable_path/Frameworks",
				);
				MARKETING_VERSION = 1.0;
				PRODUCT_BUNDLE_IDENTIFIER = com.winslei.UILabelAddEventExample;
				PRODUCT_NAME = "$(TARGET_NAME)";
				SWIFT_EMIT_LOC_STRINGS = YES;
				SWIFT_VERSION = 5.0;
				TARGETED_DEVICE_FAMILY = "1,2";
			};
			name = Debug;
		};
		435AEE08274DD87E0010AB5E /* Release */ = {
			isa = XCBuildConfiguration;
			buildSettings = {
				ASSETCATALOG_COMPILER_APPICON_NAME = AppIcon;
				ASSETCATALOG_COMPILER_GLOBAL_ACCENT_COLOR_NAME = AccentColor;
				CODE_SIGN_STYLE = Automatic;
				CURRENT_PROJECT_VERSION = 1;
				GENERATE_INFOPLIST_FILE = YES;
				INFOPLIST_FILE = UILabelAddEventExample/Info.plist;
				INFOPLIST_KEY_UIApplicationSupportsIndirectInputEvents = YES;
				INFOPLIST_KEY_UILaunchStoryboardName = LaunchScreen;
				INFOPLIST_KEY_UIMainStoryboardFile = Main;
				INFOPLIST_KEY_UISupportedInterfaceOrientations_iPad = "UIInterfaceOrientationPortrait UIInterfaceOrientationPortraitUpsideDown UIInterfaceOrientationLandscapeLeft UIInterfaceOrientationLandscapeRight";
				INFOPLIST_KEY_UISupportedInterfaceOrientations_iPhone = "UIInterfaceOrientationPortrait UIInterfaceOrientationLandscapeLeft UIInterfaceOrientationLandscapeRight";
				LD_RUNPATH_SEARCH_PATHS = (
					"$(inherited)",
					"@executable_path/Frameworks",
				);
				MARKETING_VERSION = 1.0;
				PRODUCT_BUNDLE_IDENTIFIER = com.winslei.UILabelAddEventExample;
				PRODUCT_NAME = "$(TARGET_NAME)";
				SWIFT_EMIT_LOC_STRINGS = YES;
				SWIFT_VERSION = 5.0;
				TARGETED_DEVICE_FAMILY = "1,2";
			};
			name = Release;
		};
/* End XCBuildConfiguration section */

/* Begin XCConfigurationList section */
		435AEDED274DD87C0010AB5E /* Build configuration list for PBXProject "UILabelAddEventExample" */ = {
			isa = XCConfigurationList;
			buildConfigurations = (
				435AEE04274DD87E0010AB5E /* Debug */,
				435AEE05274DD87E0010AB5E /* Release */,
			);
			defaultConfigurationIsVisible = 0;
			defaultConfigurationName = Release;
		};
		435AEE06274DD87E0010AB5E /* Build configuration list for PBXNativeTarget "UILabelAddEventExample" */ = {
			isa = XCConfigurationList;
			buildConfigurations = (
				435AEE07274DD87E0010AB5E /* Debug */,
				435AEE08274DD87E0010AB5E /* Release */,
			);
			defaultConfigurationIsVisible = 0;
			defaultConfigurationName = Release;
		};
/* End XCConfigurationList section */

/* Begin XCRemoteSwiftPackageReference section */
		435AEE0C274DEDD60010AB5E /* XCRemoteSwiftPackageReference "SnapKit" */ = {
			isa = XCRemoteSwiftPackageReference;
			repositoryURL = "https://github.com/SnapKit/SnapKit";
			requirement = {
				kind = upToNextMajorVersion;
				minimumVersion = 5.0.1;
			};
		};
/* End XCRemoteSwiftPackageReference section */

/* Begin XCSwiftPackageProductDependency section */
		435AEE0D274DEDD60010AB5E /* SnapKit */ = {
			isa = XCSwiftPackageProductDependency;
			package = 435AEE0C274DEDD60010AB5E /* XCRemoteSwiftPackageReference "SnapKit" */;
			productName = SnapKit;
		};
/* End XCSwiftPackageProductDependency section */
	};
	rootObject = 435AEDEA274DD87C0010AB5E /* Project object */;
}
